
Microsoft Visual Studio Solution File, Format Version 12.00
# Visual Studio Version 17
VisualStudioVersion = 17.10.34928.147
MinimumVisualStudioVersion = 10.0.40219.1
Project("{FAE04EC0-301F-11D3-BF4B-00C04F79EFBC}") = "ProjetoHTTPS_Full", "ProjetoHTTPS_Full.csproj", "{84CDDC26-6F2A-43BC-9841-97C77704CAD2}"
EndProject
Global
	GlobalSection(SolutionConfigurationPlatforms) = preSolution
		Debug|Any CPU = Debug|Any CPU
		Release|Any CPU = Release|Any CPU
	EndGlobalSection
	GlobalSection(ProjectConfigurationPlatforms) = postSolution
		{84CDDC26-6F2A-43BC-9841-97C77704CAD2}.Debug|Any CPU.ActiveCfg = Debug|Any CPU
		{84CDDC26-6F2A-43BC-9841-97C77704CAD2}.Debug|Any CPU.Build.0 = Debug|Any CPU
		{84CDDC26-6F2A-43BC-9841-97C77704CAD2}.Release|Any CPU.ActiveCfg = Release|Any CPU
		{84CDDC26-6F2A-43BC-9841-97C77704CAD2}.Release|Any CPU.Build.0 = Release|Any CPU
	EndGlobalSection
	GlobalSection(SolutionProperties) = preSolution
		HideSolutionNode = FALSE
	EndGlobalSection
	GlobalSection(ExtensibilityGlobals) = postSolution
		SolutionGuid = {887BECC0-9226-45C1-B484-7A5D74DD7D73}
	EndGlobalSection
EndGlobal
